// !$*UTF8*$!
{
	archiveVersion = 1;
	classes = {
	};
	objectVersion = 50;
	objects = {

/* Begin PBXBuildFile section */
		F7AB4CF3216F54ED0010BF2C /* stb_image.c in Sources */ = {isa = PBXBuildFile; fileRef = F7AB4CF2216F54EC0010BF2C /* stb_image.c */; };
		F7ED71002163D83E00E51BF9 /* main.cpp in Sources */ = {isa = PBXBuildFile; fileRef = F7ED70FF2163D83E00E51BF9 /* main.cpp */; };
		F7ED71082163D85700E51BF9 /* OpenGL.framework in Frameworks */ = {isa = PBXBuildFile; fileRef = F7ED71072163D85700E51BF9 /* OpenGL.framework */; };
		F7ED710A2163D86200E51BF9 /* GLUT.framework in Frameworks */ = {isa = PBXBuildFile; fileRef = F7ED71092163D86200E51BF9 /* GLUT.framework */; };
/* End PBXBuildFile section */

/* Begin PBXCopyFilesBuildPhase section */
		F7ED70FA2163D83E00E51BF9 /* CopyFiles */ = {
			isa = PBXCopyFilesBuildPhase;
			buildActionMask = 2147483647;
			dstPath = /usr/share/man/man1/;
			dstSubfolderSpec = 0;
			files = (
			);
			runOnlyForDeploymentPostprocessing = 1;
		};
/* End PBXCopyFilesBuildPhase section */

/* Begin PBXFileReference section */
		F7AB4CF2216F54EC0010BF2C /* stb_image.c */ = {isa = PBXFileReference; lastKnownFileType = sourcecode.c.c; path = stb_image.c; sourceTree = "<group>"; };
		F7AB4CF4216F56090010BF2C /* asteroidtexturepack */ = {isa = PBXFileReference; lastKnownFileType = folder; path = asteroidtexturepack; sourceTree = "<group>"; };
		F7AB4CF5216F56090010BF2C /* sprites */ = {isa = PBXFileReference; lastKnownFileType = folder; path = sprites; sourceTree = "<group>"; };
		F7AB4CF62171F3920010BF2C /* asteroid.png */ = {isa = PBXFileReference; lastKnownFileType = image.png; name = asteroid.png; path = asteroidtexturepack/asteroid.png; sourceTree = "<group>"; };
		F7ED70FC2163D83E00E51BF9 /* GemSwap */ = {isa = PBXFileReference; explicitFileType = "compiled.mach-o.executable"; includeInIndex = 0; path = GemSwap; sourceTree = BUILT_PRODUCTS_DIR; };
		F7ED70FF2163D83E00E51BF9 /* main.cpp */ = {isa = PBXFileReference; lastKnownFileType = sourcecode.cpp.cpp; path = main.cpp; sourceTree = "<group>"; };
		F7ED71072163D85700E51BF9 /* OpenGL.framework */ = {isa = PBXFileReference; lastKnownFileType = wrapper.framework; name = OpenGL.framework; path = System/Library/Frameworks/OpenGL.framework; sourceTree = SDKROOT; };
		F7ED71092163D86200E51BF9 /* GLUT.framework */ = {isa = PBXFileReference; lastKnownFileType = wrapper.framework; name = GLUT.framework; path = System/Library/Frameworks/GLUT.framework; sourceTree = SDKROOT; };
/* End PBXFileReference section */

/* Begin PBXFrameworksBuildPhase section */
		F7ED70F92163D83E00E51BF9 /* Frameworks */ = {
			isa = PBXFrameworksBuildPhase;
			buildActionMask = 2147483647;
			files = (
				F7ED710A2163D86200E51BF9 /* GLUT.framework in Frameworks */,
				F7ED71082163D85700E51BF9 /* OpenGL.framework in Frameworks */,
			);
			runOnlyForDeploymentPostprocessing = 0;
		};
/* End PBXFrameworksBuildPhase section */

/* Begin PBXGroup section */
		F7ED70F32163D83D00E51BF9 = {
			isa = PBXGroup;
			children = (
				F7ED70FE2163D83E00E51BF9 /* GemSwap */,
				F7ED70FD2163D83E00E51BF9 /* Products */,
				F7ED71062163D85600E51BF9 /* Frameworks */,
			);
			sourceTree = "<group>";
		};
		F7ED70FD2163D83E00E51BF9 /* Products */ = {
			isa = PBXGroup;
			children = (
				F7ED70FC2163D83E00E51BF9 /* GemSwap */,
			);
			name = Products;
			sourceTree = "<group>";
		};
		F7ED70FE2163D83E00E51BF9 /* GemSwap */ = {
			isa = PBXGroup;
			children = (
				F7AB4CF4216F56090010BF2C /* asteroidtexturepack */,
				F7AB4CF5216F56090010BF2C /* sprites */,
				F7AB4CF2216F54EC0010BF2C /* stb_image.c */,
				F7ED70FF2163D83E00E51BF9 /* main.cpp */,
				F7AB4CF62171F3920010BF2C /* asteroid.png */,
			);
			path = GemSwap;
			sourceTree = "<group>";
		};
		F7ED71062163D85600E51BF9 /* Frameworks */ = {
			isa = PBXGroup;
			children = (
				F7ED71092163D86200E51BF9 /* GLUT.framework */,
				F7ED71072163D85700E51BF9 /* OpenGL.framework */,
			);
			name = Frameworks;
			sourceTree = "<group>";
		};
/* End PBXGroup section */

/* Begin PBXNativeTarget section */
		F7ED70FB2163D83E00E51BF9 /* GemSwap */ = {
			isa = PBXNativeTarget;
			buildConfigurationList = F7ED71032163D83E00E51BF9 /* Build configuration list for PBXNativeTarget "GemSwap" */;
			buildPhases = (
				F7ED70F82163D83E00E51BF9 /* Sources */,
				F7ED70F92163D83E00E51BF9 /* Frameworks */,
				F7ED70FA2163D83E00E51BF9 /* CopyFiles */,
			);
			buildRules = (
			);
			dependencies = (
			);
			name = GemSwap;
			productName = GemSwap;
			productReference = F7ED70FC2163D83E00E51BF9 /* GemSwap */;
			productType = "com.apple.product-type.tool";
		};
/* End PBXNativeTarget section */

/* Begin PBXProject section */
		F7ED70F42163D83D00E51BF9 /* Project object */ = {
			isa = PBXProject;
			attributes = {
				LastUpgradeCheck = 0930;
				ORGANIZATIONNAME = "Sanah Suri";
				TargetAttributes = {
					F7ED70FB2163D83E00E51BF9 = {
						CreatedOnToolsVersion = 9.3;
					};
				};
			};
			buildConfigurationList = F7ED70F72163D83D00E51BF9 /* Build configuration list for PBXProject "GemSwap" */;
			compatibilityVersion = "Xcode 9.3";
			developmentRegion = en;
			hasScannedForEncodings = 0;
			knownRegions = (
				en,
			);
			mainGroup = F7ED70F32163D83D00E51BF9;
			productRefGroup = F7ED70FD2163D83E00E51BF9 /* Products */;
			projectDirPath = "";
			projectRoot = "";
			targets = (
				F7ED70FB2163D83E00E51BF9 /* GemSwap */,
			);
		};
/* End PBXProject section */

/* Begin PBXSourcesBuildPhase section */
		F7ED70F82163D83E00E51BF9 /* Sources */ = {
			isa = PBXSourcesBuildPhase;
			buildActionMask = 2147483647;
			files = (
				F7ED71002163D83E00E51BF9 /* main.cpp in Sources */,
				F7AB4CF3216F54ED0010BF2C /* stb_image.c in Sources */,
			);
			runOnlyForDeploymentPostprocessing = 0;
		};
/* End PBXSourcesBuildPhase section */

/* Begin XCBuildConfiguration section */
		F7ED71012163D83E00E51BF9 /* Debug */ = {
			isa = XCBuildConfiguration;
			buildSettings = {
				ALWAYS_SEARCH_USER_PATHS = NO;
				CLANG_ANALYZER_NONNULL = YES;
				CLANG_ANALYZER_NUMBER_OBJECT_CONVERSION = YES_AGGRESSIVE;
				CLANG_CXX_LANGUAGE_STANDARD = "gnu++14";
				CLANG_CXX_LIBRARY = "libc++";
				CLANG_ENABLE_MODULES = YES;
				CLANG_ENABLE_OBJC_ARC = YES;
				CLANG_ENABLE_OBJC_WEAK = YES;
				CLANG_WARN_BLOCK_CAPTURE_AUTORELEASING = YES;
				CLANG_WARN_BOOL_CONVERSION = YES;
				CLANG_WARN_COMMA = YES;
				CLANG_WARN_CONSTANT_CONVERSION = YES;
				CLANG_WARN_DEPRECATED_OBJC_IMPLEMENTATIONS = YES;
				CLANG_WARN_DIRECT_OBJC_ISA_USAGE = YES_ERROR;
				CLANG_WARN_DOCUMENTATION_COMMENTS = YES;
				CLANG_WARN_EMPTY_BODY = YES;
				CLANG_WARN_ENUM_CONVERSION = YES;
				CLANG_WARN_INFINITE_RECURSION = YES;
				CLANG_WARN_INT_CONVERSION = YES;
				CLANG_WARN_NON_LITERAL_NULL_CONVERSION = YES;
				CLANG_WARN_OBJC_IMPLICIT_RETAIN_SELF = YES;
				CLANG_WARN_OBJC_LITERAL_CONVERSION = YES;
				CLANG_WARN_OBJC_ROOT_CLASS = YES_ERROR;
				CLANG_WARN_RANGE_LOOP_ANALYSIS = YES;
				CLANG_WARN_STRICT_PROTOTYPES = YES;
				CLANG_WARN_SUSPICIOUS_MOVE = YES;
				CLANG_WARN_UNGUARDED_AVAILABILITY = YES_AGGRESSIVE;
				CLANG_WARN_UNREACHABLE_CODE = YES;
				CLANG_WARN__DUPLICATE_METHOD_MATCH = YES;
				CODE_SIGN_IDENTITY = "Mac Developer";
				COPY_PHASE_STRIP = NO;
				DEBUG_INFORMATION_FORMAT = dwarf;
				ENABLE_STRICT_OBJC_MSGSEND = YES;
				ENABLE_TESTABILITY = YES;
				GCC_C_LANGUAGE_STANDARD = gnu11;
				GCC_DYNAMIC_NO_PIC = NO;
				GCC_NO_COMMON_BLOCKS = YES;
				GCC_OPTIMIZATION_LEVEL = 0;
				GCC_PREPROCESSOR_DEFINITIONS = (
					"DEBUG=1",
					"$(inherited)",
				);
				GCC_WARN_64_TO_32_BIT_CONVERSION = YES;
				GCC_WARN_ABOUT_RETURN_TYPE = YES_ERROR;
				GCC_WARN_UNDECLARED_SELECTOR = YES;
				GCC_WARN_UNINITIALIZED_AUTOS = YES_AGGRESSIVE;
				GCC_WARN_UNUSED_FUNCTION = YES;
				GCC_WARN_UNUSED_VARIABLE = YES;
				MACOSX_DEPLOYMENT_TARGET = 10.13;
				MTL_ENABLE_DEBUG_INFO = YES;
				ONLY_ACTIVE_ARCH = YES;
				SDKROOT = macosx;
			};
			name = Debug;
		};
		F7ED71022163D83E00E51BF9 /* Release */ = {
			isa = XCBuildConfiguration;
			buildSettings = {
				ALWAYS_SEARCH_USER_PATHS = NO;
				CLANG_ANALYZER_NONNULL = YES;
				CLANG_ANALYZER_NUMBER_OBJECT_CONVERSION = YES_AGGRESSIVE;
				CLANG_CXX_LANGUAGE_STANDARD = "gnu++14";
				CLANG_CXX_LIBRARY = "libc++";
				CLANG_ENABLE_MODULES = YES;
				CLANG_ENABLE_OBJC_ARC = YES;
				CLANG_ENABLE_OBJC_WEAK = YES;
				CLANG_WARN_BLOCK_CAPTURE_AUTORELEASING = YES;
				CLANG_WARN_BOOL_CONVERSION = YES;
				CLANG_WARN_COMMA = YES;
				CLANG_WARN_CONSTANT_CONVERSION = YES;
				CLANG_WARN_DEPRECATED_OBJC_IMPLEMENTATIONS = YES;
				CLANG_WARN_DIRECT_OBJC_ISA_USAGE = YES_ERROR;
				CLANG_WARN_DOCUMENTATION_COMMENTS = YES;
				CLANG_WARN_EMPTY_BODY = YES;
				CLANG_WARN_ENUM_CONVERSION = YES;
				CLANG_WARN_INFINITE_RECURSION = YES;
				CLANG_WARN_INT_CONVERSION = YES;
				CLANG_WARN_NON_LITERAL_NULL_CONVERSION = YES;
				CLANG_WARN_OBJC_IMPLICIT_RETAIN_SELF = YES;
				CLANG_WARN_OBJC_LITERAL_CONVERSION = YES;
				CLANG_WARN_OBJC_ROOT_CLASS = YES_ERROR;
				CLANG_WARN_RANGE_LOOP_ANALYSIS = YES;
				CLANG_WARN_STRICT_PROTOTYPES = YES;
				CLANG_WARN_SUSPICIOUS_MOVE = YES;
				CLANG_WARN_UNGUARDED_AVAILABILITY = YES_AGGRESSIVE;
				CLANG_WARN_UNREACHABLE_CODE = YES;
				CLANG_WARN__DUPLICATE_METHOD_MATCH = YES;
				CODE_SIGN_IDENTITY = "Mac Developer";
				COPY_PHASE_STRIP = NO;
				DEBUG_INFORMATION_FORMAT = "dwarf-with-dsym";
				ENABLE_NS_ASSERTIONS = NO;
				ENABLE_STRICT_OBJC_MSGSEND = YES;
				GCC_C_LANGUAGE_STANDARD = gnu11;
				GCC_NO_COMMON_BLOCKS = YES;
				GCC_WARN_64_TO_32_BIT_CONVERSION = YES;
				GCC_WARN_ABOUT_RETURN_TYPE = YES_ERROR;
				GCC_WARN_UNDECLARED_SELECTOR = YES;
				GCC_WARN_UNINITIALIZED_AUTOS = YES_AGGRESSIVE;
				GCC_WARN_UNUSED_FUNCTION = YES;
				GCC_WARN_UNUSED_VARIABLE = YES;
				MACOSX_DEPLOYMENT_TARGET = 10.13;
				MTL_ENABLE_DEBUG_INFO = NO;
				SDKROOT = macosx;
			};
			name = Release;
		};
		F7ED71042163D83E00E51BF9 /* Debug */ = {
			isa = XCBuildConfiguration;
			buildSettings = {
				CODE_SIGN_STYLE = Automatic;
				DEVELOPMENT_TEAM = KZS3N25Q99;
				PRODUCT_NAME = "$(TARGET_NAME)";
			};
			name = Debug;
		};
		F7ED71052163D83E00E51BF9 /* Release */ = {
			isa = XCBuildConfiguration;
			buildSettings = {
				CODE_SIGN_STYLE = Automatic;
				DEVELOPMENT_TEAM = KZS3N25Q99;
				PRODUCT_NAME = "$(TARGET_NAME)";
			};
			name = Release;
		};
/* End XCBuildConfiguration section */

/* Begin XCConfigurationList section */
		F7ED70F72163D83D00E51BF9 /* Build configuration list for PBXProject "GemSwap" */ = {
			isa = XCConfigurationList;
			buildConfigurations = (
				F7ED71012163D83E00E51BF9 /* Debug */,
				F7ED71022163D83E00E51BF9 /* Release */,
			);
			defaultConfigurationIsVisible = 0;
			defaultConfigurationName = Release;
		};
		F7ED71032163D83E00E51BF9 /* Build configuration list for PBXNativeTarget "GemSwap" */ = {
			isa = XCConfigurationList;
			buildConfigurations = (
				F7ED71042163D83E00E51BF9 /* Debug */,
				F7ED71052163D83E00E51BF9 /* Release */,
			);
			defaultConfigurationIsVisible = 0;
			defaultConfigurationName = Release;
		};
/* End XCConfigurationList section */
	};
	rootObject = F7ED70F42163D83D00E51BF9 /* Project object */;
}
